
Microsoft Visual Studio Solution File, Format Version 12.00
# Visual Studio Version 17
VisualStudioVersion = 17.14.36401.2
MinimumVisualStudioVersion = 10.0.40219.1
Project("{FAE04EC0-301F-11D3-BF4B-00C04F79EFBC}") = "Abdm.Calculation.WebApi", "Abdm.Calculation.WebApi\Abdm.Calculation.WebApi.csproj", "{0393320B-E784-4103-B8CE-27DB715A1D4F}"
EndProject
Project("{FAE04EC0-301F-11D3-BF4B-00C04F79EFBC}") = "Abdm.Calculation.Tests", "Abdm.Calculation.Tests\Abdm.Calculation.Tests.csproj", "{D6AE7C12-1DA0-497F-8269-96BDB7B5BFC6}"
EndProject
Project("{FAE04EC0-301F-11D3-BF4B-00C04F79EFBC}") = "Abdm.Calculation.DAL", "Abdm.Calculation.DAL\Abdm.Calculation.DAL.csproj", "{8BB60979-A04A-4353-AC33-9B96073374B0}"
EndProject
Project("{FAE04EC0-301F-11D3-BF4B-00C04F79EFBC}") = "Abdm.Calculation.Graphics", "Abdm.Calculation.Graphics\Abdm.Calculation.Graphics.csproj", "{91FF09D5-A7AE-40A1-86D6-A769E145D6F3}"
EndProject
Project("{FAE04EC0-301F-11D3-BF4B-00C04F79EFBC}") = "Abdm.Calculation.BLL", "Abdm.Calculation.BLL\Abdm.Calculation.BLL.csproj", "{C60E4D1A-3D20-443B-AB11-A8E47C740BF9}"
EndProject
Global
	GlobalSection(SolutionConfigurationPlatforms) = preSolution
		Debug|Any CPU = Debug|Any CPU
		Release|Any CPU = Release|Any CPU
	EndGlobalSection
	GlobalSection(ProjectConfigurationPlatforms) = postSolution
		{0393320B-E784-4103-B8CE-27DB715A1D4F}.Debug|Any CPU.ActiveCfg = Debug|Any CPU
		{0393320B-E784-4103-B8CE-27DB715A1D4F}.Debug|Any CPU.Build.0 = Debug|Any CPU
		{0393320B-E784-4103-B8CE-27DB715A1D4F}.Release|Any CPU.ActiveCfg = Release|Any CPU
		{0393320B-E784-4103-B8CE-27DB715A1D4F}.Release|Any CPU.Build.0 = Release|Any CPU
		{D6AE7C12-1DA0-497F-8269-96BDB7B5BFC6}.Debug|Any CPU.ActiveCfg = Debug|Any CPU
		{D6AE7C12-1DA0-497F-8269-96BDB7B5BFC6}.Debug|Any CPU.Build.0 = Debug|Any CPU
		{D6AE7C12-1DA0-497F-8269-96BDB7B5BFC6}.Release|Any CPU.ActiveCfg = Release|Any CPU
		{D6AE7C12-1DA0-497F-8269-96BDB7B5BFC6}.Release|Any CPU.Build.0 = Release|Any CPU
		{8BB60979-A04A-4353-AC33-9B96073374B0}.Debug|Any CPU.ActiveCfg = Debug|Any CPU
		{8BB60979-A04A-4353-AC33-9B96073374B0}.Debug|Any CPU.Build.0 = Debug|Any CPU
		{8BB60979-A04A-4353-AC33-9B96073374B0}.Release|Any CPU.ActiveCfg = Release|Any CPU
		{8BB60979-A04A-4353-AC33-9B96073374B0}.Release|Any CPU.Build.0 = Release|Any CPU
		{91FF09D5-A7AE-40A1-86D6-A769E145D6F3}.Debug|Any CPU.ActiveCfg = Debug|Any CPU
		{91FF09D5-A7AE-40A1-86D6-A769E145D6F3}.Debug|Any CPU.Build.0 = Debug|Any CPU
		{91FF09D5-A7AE-40A1-86D6-A769E145D6F3}.Release|Any CPU.ActiveCfg = Release|Any CPU
		{91FF09D5-A7AE-40A1-86D6-A769E145D6F3}.Release|Any CPU.Build.0 = Release|Any CPU
		{C60E4D1A-3D20-443B-AB11-A8E47C740BF9}.Debug|Any CPU.ActiveCfg = Debug|Any CPU
		{C60E4D1A-3D20-443B-AB11-A8E47C740BF9}.Debug|Any CPU.Build.0 = Debug|Any CPU
		{C60E4D1A-3D20-443B-AB11-A8E47C740BF9}.Release|Any CPU.ActiveCfg = Release|Any CPU
		{C60E4D1A-3D20-443B-AB11-A8E47C740BF9}.Release|Any CPU.Build.0 = Release|Any CPU
	EndGlobalSection
	GlobalSection(SolutionProperties) = preSolution
		HideSolutionNode = FALSE
	EndGlobalSection
	GlobalSection(ExtensibilityGlobals) = postSolution
		SolutionGuid = {546077ED-5C47-4C9F-9676-799EFF688A5F}
	EndGlobalSection
EndGlobal
